
Microsoft Visual Studio Solution File, Format Version 12.00
# Visual Studio 2012
Project("{FAE04EC0-301F-11D3-BF4B-00C04F79EFBC}") = "LinqFileSystem", "LinqFileSystem\LinqFileSystem.csproj", "{92B7206F-7C15-46BC-BF8B-EF84C0C56791}"
EndProject
Global
	GlobalSection(SolutionConfigurationPlatforms) = preSolution
		Debug|Any CPU = Debug|Any CPU
		Release|Any CPU = Release|Any CPU
	EndGlobalSection
	GlobalSection(ProjectConfigurationPlatforms) = postSolution
		{92B7206F-7C15-46BC-BF8B-EF84C0C56791}.Debug|Any CPU.ActiveCfg = Debug|Any CPU
		{92B7206F-7C15-46BC-BF8B-EF84C0C56791}.Debug|Any CPU.Build.0 = Debug|Any CPU
		{92B7206F-7C15-46BC-BF8B-EF84C0C56791}.Release|Any CPU.ActiveCfg = Release|Any CPU
		{92B7206F-7C15-46BC-BF8B-EF84C0C56791}.Release|Any CPU.Build.0 = Release|Any CPU
	EndGlobalSection
	GlobalSection(SolutionProperties) = preSolution
		HideSolutionNode = FALSE
	EndGlobalSection
EndGlobal
