
Microsoft Visual Studio Solution File, Format Version 12.00
# Visual Studio 2012
Project("{FAE04EC0-301F-11D3-BF4B-00C04F79EFBC}") = "Async-Await", "Async-Await\Async-Await.csproj", "{78CCDC2E-BE00-43AE-AC4F-AB55BA73BB18}"
EndProject
Global
	GlobalSection(SolutionConfigurationPlatforms) = preSolution
		Debug|Any CPU = Debug|Any CPU
		Release|Any CPU = Release|Any CPU
	EndGlobalSection
	GlobalSection(ProjectConfigurationPlatforms) = postSolution
		{78CCDC2E-BE00-43AE-AC4F-AB55BA73BB18}.Debug|Any CPU.ActiveCfg = Debug|Any CPU
		{78CCDC2E-BE00-43AE-AC4F-AB55BA73BB18}.Debug|Any CPU.Build.0 = Debug|Any CPU
		{78CCDC2E-BE00-43AE-AC4F-AB55BA73BB18}.Release|Any CPU.ActiveCfg = Release|Any CPU
		{78CCDC2E-BE00-43AE-AC4F-AB55BA73BB18}.Release|Any CPU.Build.0 = Release|Any CPU
	EndGlobalSection
	GlobalSection(SolutionProperties) = preSolution
		HideSolutionNode = FALSE
	EndGlobalSection
EndGlobal
